{
  "requires": true,
  "lockfileVersion": 1,
  "dependencies": {
    "@types/howler": {
      "version": "2.0.5",
      "resolved": "https://registry.npmjs.org/@types/howler/-/howler-2.0.5.tgz",
      "integrity": "sha512-4zO47MpD8ztLGK1Q3DsVMxP5q1yIGRS+vtLqXuVGXHdiDkD/IvYM2vBByuX4eMW4fmLk5SWQpd6FFL2jvJkItw=="
    }
  }
}
